
Microsoft Visual Studio Solution File, Format Version 12.00
# Visual Studio Version 18
VisualStudioVersion = 18.0.11222.15
MinimumVisualStudioVersion = 10.0.40219.1
Project("{2150E333-8FDC-42A3-9474-1A3956D46DE8}") = "tests", "tests", "{0AB3BF05-4346-4AA6-1389-037BE0695223}"
EndProject
Project("{FAE04EC0-301F-11D3-BF4B-00C04F79EFBC}") = "BasketManagementAPI.Tests", "tests\BasketManagementAPI.Tests\BasketManagementAPI.Tests.csproj", "{D978F879-524C-4949-832B-089E0C6EB36C}"
EndProject
Project("{FAE04EC0-301F-11D3-BF4B-00C04F79EFBC}") = "BasketManagementAPI", "BasketManagementAPI\BasketManagementAPI.csproj", "{CC75F042-5BC8-7A62-64DD-420E190F8574}"
EndProject
Project("{2150E333-8FDC-42A3-9474-1A3956D46DE8}") = "Database", "Database", "{E0096E63-5207-411F-2649-837654E3C58A}"
EndProject
Project("{FAE04EC0-301F-11D3-BF4B-00C04F79EFBC}") = "BasketManagementAPI.Database", "Database\BasketManagementAPI.Database\BasketManagementAPI.Database.csproj", "{A2728F4C-758E-4C29-A11C-1AE6EDD78775}"
EndProject
Global
	GlobalSection(SolutionConfigurationPlatforms) = preSolution
		Debug|Any CPU = Debug|Any CPU
		Debug|x64 = Debug|x64
		Debug|x86 = Debug|x86
		Release|Any CPU = Release|Any CPU
		Release|x64 = Release|x64
		Release|x86 = Release|x86
	EndGlobalSection
	GlobalSection(ProjectConfigurationPlatforms) = postSolution
		{D978F879-524C-4949-832B-089E0C6EB36C}.Debug|Any CPU.ActiveCfg = Debug|Any CPU
		{D978F879-524C-4949-832B-089E0C6EB36C}.Debug|Any CPU.Build.0 = Debug|Any CPU
		{D978F879-524C-4949-832B-089E0C6EB36C}.Debug|x64.ActiveCfg = Debug|Any CPU
		{D978F879-524C-4949-832B-089E0C6EB36C}.Debug|x64.Build.0 = Debug|Any CPU
		{D978F879-524C-4949-832B-089E0C6EB36C}.Debug|x86.ActiveCfg = Debug|Any CPU
		{D978F879-524C-4949-832B-089E0C6EB36C}.Debug|x86.Build.0 = Debug|Any CPU
		{D978F879-524C-4949-832B-089E0C6EB36C}.Release|Any CPU.ActiveCfg = Release|Any CPU
		{D978F879-524C-4949-832B-089E0C6EB36C}.Release|Any CPU.Build.0 = Release|Any CPU
		{D978F879-524C-4949-832B-089E0C6EB36C}.Release|x64.ActiveCfg = Release|Any CPU
		{D978F879-524C-4949-832B-089E0C6EB36C}.Release|x64.Build.0 = Release|Any CPU
		{D978F879-524C-4949-832B-089E0C6EB36C}.Release|x86.ActiveCfg = Release|Any CPU
		{D978F879-524C-4949-832B-089E0C6EB36C}.Release|x86.Build.0 = Release|Any CPU
		{CC75F042-5BC8-7A62-64DD-420E190F8574}.Debug|Any CPU.ActiveCfg = Debug|Any CPU
		{CC75F042-5BC8-7A62-64DD-420E190F8574}.Debug|Any CPU.Build.0 = Debug|Any CPU
		{CC75F042-5BC8-7A62-64DD-420E190F8574}.Debug|x64.ActiveCfg = Debug|Any CPU
		{CC75F042-5BC8-7A62-64DD-420E190F8574}.Debug|x64.Build.0 = Debug|Any CPU
		{CC75F042-5BC8-7A62-64DD-420E190F8574}.Debug|x86.ActiveCfg = Debug|Any CPU
		{CC75F042-5BC8-7A62-64DD-420E190F8574}.Debug|x86.Build.0 = Debug|Any CPU
		{CC75F042-5BC8-7A62-64DD-420E190F8574}.Release|Any CPU.ActiveCfg = Release|Any CPU
		{CC75F042-5BC8-7A62-64DD-420E190F8574}.Release|Any CPU.Build.0 = Release|Any CPU
		{CC75F042-5BC8-7A62-64DD-420E190F8574}.Release|x64.ActiveCfg = Release|Any CPU
		{CC75F042-5BC8-7A62-64DD-420E190F8574}.Release|x64.Build.0 = Release|Any CPU
		{CC75F042-5BC8-7A62-64DD-420E190F8574}.Release|x86.ActiveCfg = Release|Any CPU
		{CC75F042-5BC8-7A62-64DD-420E190F8574}.Release|x86.Build.0 = Release|Any CPU
		{A2728F4C-758E-4C29-A11C-1AE6EDD78775}.Debug|Any CPU.ActiveCfg = Debug|Any CPU
		{A2728F4C-758E-4C29-A11C-1AE6EDD78775}.Debug|Any CPU.Build.0 = Debug|Any CPU
		{A2728F4C-758E-4C29-A11C-1AE6EDD78775}.Debug|x64.ActiveCfg = Debug|Any CPU
		{A2728F4C-758E-4C29-A11C-1AE6EDD78775}.Debug|x64.Build.0 = Debug|Any CPU
		{A2728F4C-758E-4C29-A11C-1AE6EDD78775}.Debug|x86.ActiveCfg = Debug|Any CPU
		{A2728F4C-758E-4C29-A11C-1AE6EDD78775}.Debug|x86.Build.0 = Debug|Any CPU
		{A2728F4C-758E-4C29-A11C-1AE6EDD78775}.Release|Any CPU.ActiveCfg = Release|Any CPU
		{A2728F4C-758E-4C29-A11C-1AE6EDD78775}.Release|Any CPU.Build.0 = Release|Any CPU
		{A2728F4C-758E-4C29-A11C-1AE6EDD78775}.Release|x64.ActiveCfg = Release|Any CPU
		{A2728F4C-758E-4C29-A11C-1AE6EDD78775}.Release|x64.Build.0 = Release|Any CPU
		{A2728F4C-758E-4C29-A11C-1AE6EDD78775}.Release|x86.ActiveCfg = Release|Any CPU
		{A2728F4C-758E-4C29-A11C-1AE6EDD78775}.Release|x86.Build.0 = Release|Any CPU
	EndGlobalSection
	GlobalSection(SolutionProperties) = preSolution
		HideSolutionNode = FALSE
	EndGlobalSection
	GlobalSection(NestedProjects) = preSolution
		{D978F879-524C-4949-832B-089E0C6EB36C} = {0AB3BF05-4346-4AA6-1389-037BE0695223}
		{A2728F4C-758E-4C29-A11C-1AE6EDD78775} = {E0096E63-5207-411F-2649-837654E3C58A}
	EndGlobalSection
	GlobalSection(ExtensibilityGlobals) = postSolution
		SolutionGuid = {DD9D67AE-6014-4DE8-B26F-B62D3E9190BB}
	EndGlobalSection
EndGlobal
